
Microsoft Visual Studio Solution File, Format Version 12.00
# Visual Studio Version 16
VisualStudioVersion = 16.0.31205.134
MinimumVisualStudioVersion = 10.0.40219.1
Project("{9A19103F-16F7-4668-BE54-9A1E7A4F7556}") = "WebApp", "WebApp\WebApp.csproj", "{ACA6595E-346A-4BAD-B481-71AB6B0E0450}"
EndProject
Project("{2150E333-8FDC-42A3-9474-1A3956D46DE8}") = "BusinessLayer", "BusinessLayer", "{F43ABC31-4F03-49A2-B16C-DF6E090EFFF4}"
EndProject
Project("{9A19103F-16F7-4668-BE54-9A1E7A4F7556}") = "WebApiBack", "WebApiBack\WebApiBack.csproj", "{8FAC643E-D611-4D73-BA77-654CCACA4117}"
EndProject
Project("{2150E333-8FDC-42A3-9474-1A3956D46DE8}") = "PresentationLayer", "PresentationLayer", "{D433741B-E6DE-4670-BE51-44D4BA4B4D54}"
EndProject
Global
	GlobalSection(SolutionConfigurationPlatforms) = preSolution
		Debug|Any CPU = Debug|Any CPU
		Release|Any CPU = Release|Any CPU
	EndGlobalSection
	GlobalSection(ProjectConfigurationPlatforms) = postSolution
		{ACA6595E-346A-4BAD-B481-71AB6B0E0450}.Debug|Any CPU.ActiveCfg = Debug|Any CPU
		{ACA6595E-346A-4BAD-B481-71AB6B0E0450}.Debug|Any CPU.Build.0 = Debug|Any CPU
		{ACA6595E-346A-4BAD-B481-71AB6B0E0450}.Release|Any CPU.ActiveCfg = Release|Any CPU
		{ACA6595E-346A-4BAD-B481-71AB6B0E0450}.Release|Any CPU.Build.0 = Release|Any CPU
		{8FAC643E-D611-4D73-BA77-654CCACA4117}.Debug|Any CPU.ActiveCfg = Debug|Any CPU
		{8FAC643E-D611-4D73-BA77-654CCACA4117}.Debug|Any CPU.Build.0 = Debug|Any CPU
		{8FAC643E-D611-4D73-BA77-654CCACA4117}.Release|Any CPU.ActiveCfg = Release|Any CPU
		{8FAC643E-D611-4D73-BA77-654CCACA4117}.Release|Any CPU.Build.0 = Release|Any CPU
	EndGlobalSection
	GlobalSection(SolutionProperties) = preSolution
		HideSolutionNode = FALSE
	EndGlobalSection
	GlobalSection(NestedProjects) = preSolution
		{ACA6595E-346A-4BAD-B481-71AB6B0E0450} = {D433741B-E6DE-4670-BE51-44D4BA4B4D54}
		{8FAC643E-D611-4D73-BA77-654CCACA4117} = {F43ABC31-4F03-49A2-B16C-DF6E090EFFF4}
	EndGlobalSection
	GlobalSection(ExtensibilityGlobals) = postSolution
		SolutionGuid = {37BCA7CF-15C1-441D-B7B4-B7A9C529CF5C}
	EndGlobalSection
EndGlobal
